{
  "meteor": {},
  "dependencies": {
    "basePackages": {
      "accounts-entry": {
        "git": "https://github.com/BeDifferential/accounts-entry.git",
        "branch": "shark"
      },
      "iron-router": {
        "git": "https://github.com/EventedMind/iron-router.git",
        "branch": "shark"
      },
      "bootstrap3-less": {},
      "bootstrap-3": {},
      "fullcalendar": {},
      "blog": {
        "git": "https://github.com/BeDifferential/meteor-blog.git",
        "branch": "shark"
      },
      "profile": {}
    },
    "packages": {
      "accounts-entry": {
        "git": "https://github.com/BeDifferential/accounts-entry.git",
        "branch": "shark",
        "commit": "47b8f159650f9509d27e59e2553b4809d4ccc860"
      },
      "iron-router": {
        "git": "https://github.com/EventedMind/iron-router.git",
        "branch": "shark",
        "commit": "5a18f6f201da3d9aa1a95289cef790b1f7b2c44f"
      },
      "bootstrap3-less": {
        "git": "https://github.com/eprochasson/bootstrap3-less",
        "tag": "v0.1.4",
        "commit": "23ec918f8377b15b22cba33e13b717214235c88a"
      },
      "bootstrap-3": {
        "git": "https://github.com/mangasocial/meteor-bootstrap-3.git",
        "tag": "v0.3.6",
        "commit": "711dbcabe333c8714298b2fd1de97fdcdae6efa7"
      },
      "fullcalendar": {
        "git": "https://github.com/TimHeckel/meteor-fullcalendar.git",
        "tag": "v1.6.1",
        "commit": "78dba7c564bf7baacf6556c70a3cc179d0e137c4"
      },
      "blog": {
        "git": "https://github.com/BeDifferential/meteor-blog.git",
        "branch": "shark",
        "commit": "405069bb259f3848e01c6e6a49050ade408e05df"
      },
      "profile": {
        "git": "https://github.com/BeDifferential/meteor-profile.git",
        "tag": "v0.0.4",
        "commit": "182c13ce5aeb794f91f3ed4ca0394a0b5eb4651c"
      },
      "jquery-ui": {
        "git": "https://github.com/TimHeckel/meteor-jquery-ui.git",
        "tag": "v1.9.2",
        "commit": "c437d45edcf1367df8d5ffa8bad2867758030bd2"
      },
      "parsleyjs": {
        "git": "https://github.com/nate-strauser/meteor-parsleyjs.git",
        "tag": "v1.1.7",
        "commit": "035a1e56a78e50369686b7e281aa71e3daf3729a"
      },
      "minimongoid": {
        "git": "https://github.com/Exygy/minimongoid.git",
        "tag": "v0.8.3",
        "commit": "8a4849426f1775f9886f303067e50877696fae43"
      },
      "moment": {
        "git": "https://github.com/acreeger/meteor-moment.git",
        "tag": "v2.2.1",
        "commit": "9ee12e714afe56b189f53076447b7b54f3012065"
      },
      "urlify2": {
        "git": "https://github.com/peerlibrary/meteor-urlify2.git",
        "tag": "v0.1.1",
        "commit": "5b6677b01382e470bd22e6a4a8a0d4399d7900d7"
      },
      "underscore-string-latest": {
        "git": "https://github.com/TimHeckel/meteor-underscore-string.git",
        "tag": "v2.3.3",
        "commit": "4a5d70eee48fbd90a6e6fc78747250d704a0b3bb"
      }
    }
  }
}
